
Microsoft Visual Studio Solution File, Format Version 12.00
# Visual Studio Version 17
VisualStudioVersion = 17.10.34928.147
MinimumVisualStudioVersion = 10.0.40219.1
Project("{FAE04EC0-301F-11D3-BF4B-00C04F79EFBC}") = "RPGoostBook", "RPGoostBook.csproj", "{FAE94044-8E3E-4B80-92B7-7D501F7BF1D4}"
EndProject
Global
	GlobalSection(SolutionConfigurationPlatforms) = preSolution
		Debug|Any CPU = Debug|Any CPU
		Release|Any CPU = Release|Any CPU
	EndGlobalSection
	GlobalSection(ProjectConfigurationPlatforms) = postSolution
		{FAE94044-8E3E-4B80-92B7-7D501F7BF1D4}.Debug|Any CPU.ActiveCfg = Debug|Any CPU
		{FAE94044-8E3E-4B80-92B7-7D501F7BF1D4}.Debug|Any CPU.Build.0 = Debug|Any CPU
		{FAE94044-8E3E-4B80-92B7-7D501F7BF1D4}.Release|Any CPU.ActiveCfg = Release|Any CPU
		{FAE94044-8E3E-4B80-92B7-7D501F7BF1D4}.Release|Any CPU.Build.0 = Release|Any CPU
	EndGlobalSection
	GlobalSection(SolutionProperties) = preSolution
		HideSolutionNode = FALSE
	EndGlobalSection
	GlobalSection(ExtensibilityGlobals) = postSolution
		SolutionGuid = {489F1B1D-45BE-4398-AEF9-8AC4E2BB07DE}
	EndGlobalSection
EndGlobal
